
Microsoft Visual Studio Solution File, Format Version 12.00
# Visual Studio Version 17
VisualStudioVersion = 17.0.31903.59
MinimumVisualStudioVersion = 10.0.40219.1
Project("{2150E333-8FDC-42A3-9474-1A3956D46DE8}") = "src", "src", "{827E0CD3-B72D-47B6-A68D-7590B98EB39B}"
EndProject
Project("{FAE04EC0-301F-11D3-BF4B-00C04F79EFBC}") = "FinanceAssistant.McpServer", "src\FinanceAssistant.McpServer\FinanceAssistant.McpServer.csproj", "{DFFADDC3-CF06-47B7-A749-EC2B24539451}"
EndProject
Project("{FAE04EC0-301F-11D3-BF4B-00C04F79EFBC}") = "FinanceAssistant", "src\FinanceAssistant\FinanceAssistant.csproj", "{C9E04F12-8DFE-495A-9407-6631F975F3CF}"
EndProject
Global
	GlobalSection(SolutionConfigurationPlatforms) = preSolution
		Debug|Any CPU = Debug|Any CPU
		Debug|x64 = Debug|x64
		Debug|x86 = Debug|x86
		Release|Any CPU = Release|Any CPU
		Release|x64 = Release|x64
		Release|x86 = Release|x86
	EndGlobalSection
	GlobalSection(ProjectConfigurationPlatforms) = postSolution
		{DFFADDC3-CF06-47B7-A749-EC2B24539451}.Debug|Any CPU.ActiveCfg = Debug|Any CPU
		{DFFADDC3-CF06-47B7-A749-EC2B24539451}.Debug|Any CPU.Build.0 = Debug|Any CPU
		{DFFADDC3-CF06-47B7-A749-EC2B24539451}.Debug|x64.ActiveCfg = Debug|Any CPU
		{DFFADDC3-CF06-47B7-A749-EC2B24539451}.Debug|x64.Build.0 = Debug|Any CPU
		{DFFADDC3-CF06-47B7-A749-EC2B24539451}.Debug|x86.ActiveCfg = Debug|Any CPU
		{DFFADDC3-CF06-47B7-A749-EC2B24539451}.Debug|x86.Build.0 = Debug|Any CPU
		{DFFADDC3-CF06-47B7-A749-EC2B24539451}.Release|Any CPU.ActiveCfg = Release|Any CPU
		{DFFADDC3-CF06-47B7-A749-EC2B24539451}.Release|Any CPU.Build.0 = Release|Any CPU
		{DFFADDC3-CF06-47B7-A749-EC2B24539451}.Release|x64.ActiveCfg = Release|Any CPU
		{DFFADDC3-CF06-47B7-A749-EC2B24539451}.Release|x64.Build.0 = Release|Any CPU
		{DFFADDC3-CF06-47B7-A749-EC2B24539451}.Release|x86.ActiveCfg = Release|Any CPU
		{DFFADDC3-CF06-47B7-A749-EC2B24539451}.Release|x86.Build.0 = Release|Any CPU
		{C9E04F12-8DFE-495A-9407-6631F975F3CF}.Debug|Any CPU.ActiveCfg = Debug|Any CPU
		{C9E04F12-8DFE-495A-9407-6631F975F3CF}.Debug|Any CPU.Build.0 = Debug|Any CPU
		{C9E04F12-8DFE-495A-9407-6631F975F3CF}.Debug|x64.ActiveCfg = Debug|Any CPU
		{C9E04F12-8DFE-495A-9407-6631F975F3CF}.Debug|x64.Build.0 = Debug|Any CPU
		{C9E04F12-8DFE-495A-9407-6631F975F3CF}.Debug|x86.ActiveCfg = Debug|Any CPU
		{C9E04F12-8DFE-495A-9407-6631F975F3CF}.Debug|x86.Build.0 = Debug|Any CPU
		{C9E04F12-8DFE-495A-9407-6631F975F3CF}.Release|Any CPU.ActiveCfg = Release|Any CPU
		{C9E04F12-8DFE-495A-9407-6631F975F3CF}.Release|Any CPU.Build.0 = Release|Any CPU
		{C9E04F12-8DFE-495A-9407-6631F975F3CF}.Release|x64.ActiveCfg = Release|Any CPU
		{C9E04F12-8DFE-495A-9407-6631F975F3CF}.Release|x64.Build.0 = Release|Any CPU
		{C9E04F12-8DFE-495A-9407-6631F975F3CF}.Release|x86.ActiveCfg = Release|Any CPU
		{C9E04F12-8DFE-495A-9407-6631F975F3CF}.Release|x86.Build.0 = Release|Any CPU
	EndGlobalSection
	GlobalSection(SolutionProperties) = preSolution
		HideSolutionNode = FALSE
	EndGlobalSection
	GlobalSection(NestedProjects) = preSolution
		{DFFADDC3-CF06-47B7-A749-EC2B24539451} = {827E0CD3-B72D-47B6-A68D-7590B98EB39B}
		{C9E04F12-8DFE-495A-9407-6631F975F3CF} = {827E0CD3-B72D-47B6-A68D-7590B98EB39B}
	EndGlobalSection
EndGlobal
